// !$*UTF8*$!
{
	archiveVersion = 1;
	classes = {
	};
	objectVersion = 50;
	objects = {

/* Begin PBXBuildFile section */
		B456AA89257A5A49003E3F9D /* AppDelegate.swift in Sources */ = {isa = PBXBuildFile; fileRef = B456AA88257A5A49003E3F9D /* AppDelegate.swift */; };
		B456AA8B257A5A49003E3F9D /* SceneDelegate.swift in Sources */ = {isa = PBXBuildFile; fileRef = B456AA8A257A5A49003E3F9D /* SceneDelegate.swift */; };
		B456AA8D257A5A49003E3F9D /* ViewController.swift in Sources */ = {isa = PBXBuildFile; fileRef = B456AA8C257A5A49003E3F9D /* ViewController.swift */; };
		B456AA90257A5A49003E3F9D /* Main.storyboard in Resources */ = {isa = PBXBuildFile; fileRef = B456AA8E257A5A49003E3F9D /* Main.storyboard */; };
		B456AA92257A5A4D003E3F9D /* Assets.xcassets in Resources */ = {isa = PBXBuildFile; fileRef = B456AA91257A5A4D003E3F9D /* Assets.xcassets */; };
		B456AA95257A5A4D003E3F9D /* LaunchScreen.storyboard in Resources */ = {isa = PBXBuildFile; fileRef = B456AA93257A5A4D003E3F9D /* LaunchScreen.storyboard */; };
		B456AAA2257A6211003E3F9D /* Country.swift in Sources */ = {isa = PBXBuildFile; fileRef = B456AAA1257A6211003E3F9D /* Country.swift */; };
		B456AAA5257A686E003E3F9D /* CountryViewController.swift in Sources */ = {isa = PBXBuildFile; fileRef = B456AAA4257A686E003E3F9D /* CountryViewController.swift */; };
/* End PBXBuildFile section */

/* Begin PBXFileReference section */
		B456AA85257A5A49003E3F9D /* Covid19Stats.app */ = {isa = PBXFileReference; explicitFileType = wrapper.application; includeInIndex = 0; path = Covid19Stats.app; sourceTree = BUILT_PRODUCTS_DIR; };
		B456AA88257A5A49003E3F9D /* AppDelegate.swift */ = {isa = PBXFileReference; lastKnownFileType = sourcecode.swift; path = AppDelegate.swift; sourceTree = "<group>"; };
		B456AA8A257A5A49003E3F9D /* SceneDelegate.swift */ = {isa = PBXFileReference; lastKnownFileType = sourcecode.swift; path = SceneDelegate.swift; sourceTree = "<group>"; };
		B456AA8C257A5A49003E3F9D /* ViewController.swift */ = {isa = PBXFileReference; lastKnownFileType = sourcecode.swift; path = ViewController.swift; sourceTree = "<group>"; };
		B456AA8F257A5A49003E3F9D /* Base */ = {isa = PBXFileReference; lastKnownFileType = file.storyboard; name = Base; path = Base.lproj/Main.storyboard; sourceTree = "<group>"; };
		B456AA91257A5A4D003E3F9D /* Assets.xcassets */ = {isa = PBXFileReference; lastKnownFileType = folder.assetcatalog; path = Assets.xcassets; sourceTree = "<group>"; };
		B456AA94257A5A4D003E3F9D /* Base */ = {isa = PBXFileReference; lastKnownFileType = file.storyboard; name = Base; path = Base.lproj/LaunchScreen.storyboard; sourceTree = "<group>"; };
		B456AA96257A5A4D003E3F9D /* Info.plist */ = {isa = PBXFileReference; lastKnownFileType = text.plist.xml; path = Info.plist; sourceTree = "<group>"; };
		B456AAA1257A6211003E3F9D /* Country.swift */ = {isa = PBXFileReference; lastKnownFileType = sourcecode.swift; path = Country.swift; sourceTree = "<group>"; };
		B456AAA4257A686E003E3F9D /* CountryViewController.swift */ = {isa = PBXFileReference; lastKnownFileType = sourcecode.swift; path = CountryViewController.swift; sourceTree = "<group>"; };
/* End PBXFileReference section */

/* Begin PBXFrameworksBuildPhase section */
		B456AA82257A5A49003E3F9D /* Frameworks */ = {
			isa = PBXFrameworksBuildPhase;
			buildActionMask = 2147483647;
			files = (
			);
			runOnlyForDeploymentPostprocessing = 0;
		};
/* End PBXFrameworksBuildPhase section */

/* Begin PBXGroup section */
		B456AA7C257A5A49003E3F9D = {
			isa = PBXGroup;
			children = (
				B456AA87257A5A49003E3F9D /* Covid19Stats */,
				B456AA86257A5A49003E3F9D /* Products */,
			);
			sourceTree = "<group>";
		};
		B456AA86257A5A49003E3F9D /* Products */ = {
			isa = PBXGroup;
			children = (
				B456AA85257A5A49003E3F9D /* Covid19Stats.app */,
			);
			name = Products;
			sourceTree = "<group>";
		};
		B456AA87257A5A49003E3F9D /* Covid19Stats */ = {
			isa = PBXGroup;
			children = (
				B456AA88257A5A49003E3F9D /* AppDelegate.swift */,
				B456AA8A257A5A49003E3F9D /* SceneDelegate.swift */,
				B456AA8C257A5A49003E3F9D /* ViewController.swift */,
				B456AA8E257A5A49003E3F9D /* Main.storyboard */,
				B456AA91257A5A4D003E3F9D /* Assets.xcassets */,
				B456AA93257A5A4D003E3F9D /* LaunchScreen.storyboard */,
				B456AA96257A5A4D003E3F9D /* Info.plist */,
				B456AAA1257A6211003E3F9D /* Country.swift */,
				B456AAA4257A686E003E3F9D /* CountryViewController.swift */,
			);
			path = Covid19Stats;
			sourceTree = "<group>";
		};
/* End PBXGroup section */

/* Begin PBXNativeTarget section */
		B456AA84257A5A49003E3F9D /* Covid19Stats */ = {
			isa = PBXNativeTarget;
			buildConfigurationList = B456AA99257A5A4D003E3F9D /* Build configuration list for PBXNativeTarget "Covid19Stats" */;
			buildPhases = (
				B456AA81257A5A49003E3F9D /* Sources */,
				B456AA82257A5A49003E3F9D /* Frameworks */,
				B456AA83257A5A49003E3F9D /* Resources */,
			);
			buildRules = (
			);
			dependencies = (
			);
			name = Covid19Stats;
			productName = Covid19Stats;
			productReference = B456AA85257A5A49003E3F9D /* Covid19Stats.app */;
			productType = "com.apple.product-type.application";
		};
/* End PBXNativeTarget section */

/* Begin PBXProject section */
		B456AA7D257A5A49003E3F9D /* Project object */ = {
			isa = PBXProject;
			attributes = {
				LastSwiftUpdateCheck = 1220;
				LastUpgradeCheck = 1220;
				TargetAttributes = {
					B456AA84257A5A49003E3F9D = {
						CreatedOnToolsVersion = 12.2;
					};
				};
			};
			buildConfigurationList = B456AA80257A5A49003E3F9D /* Build configuration list for PBXProject "Covid19Stats" */;
			compatibilityVersion = "Xcode 9.3";
			developmentRegion = en;
			hasScannedForEncodings = 0;
			knownRegions = (
				en,
				Base,
			);
			mainGroup = B456AA7C257A5A49003E3F9D;
			productRefGroup = B456AA86257A5A49003E3F9D /* Products */;
			projectDirPath = "";
			projectRoot = "";
			targets = (
				B456AA84257A5A49003E3F9D /* Covid19Stats */,
			);
		};
/* End PBXProject section */

/* Begin PBXResourcesBuildPhase section */
		B456AA83257A5A49003E3F9D /* Resources */ = {
			isa = PBXResourcesBuildPhase;
			buildActionMask = 2147483647;
			files = (
				B456AA95257A5A4D003E3F9D /* LaunchScreen.storyboard in Resources */,
				B456AA92257A5A4D003E3F9D /* Assets.xcassets in Resources */,
				B456AA90257A5A49003E3F9D /* Main.storyboard in Resources */,
			);
			runOnlyForDeploymentPostprocessing = 0;
		};
/* End PBXResourcesBuildPhase section */

/* Begin PBXSourcesBuildPhase section */
		B456AA81257A5A49003E3F9D /* Sources */ = {
			isa = PBXSourcesBuildPhase;
			buildActionMask = 2147483647;
			files = (
				B456AAA2257A6211003E3F9D /* Country.swift in Sources */,
				B456AA8D257A5A49003E3F9D /* ViewController.swift in Sources */,
				B456AA89257A5A49003E3F9D /* AppDelegate.swift in Sources */,
				B456AAA5257A686E003E3F9D /* CountryViewController.swift in Sources */,
				B456AA8B257A5A49003E3F9D /* SceneDelegate.swift in Sources */,
			);
			runOnlyForDeploymentPostprocessing = 0;
		};
/* End PBXSourcesBuildPhase section */

/* Begin PBXVariantGroup section */
		B456AA8E257A5A49003E3F9D /* Main.storyboard */ = {
			isa = PBXVariantGroup;
			children = (
				B456AA8F257A5A49003E3F9D /* Base */,
			);
			name = Main.storyboard;
			sourceTree = "<group>";
		};
		B456AA93257A5A4D003E3F9D /* LaunchScreen.storyboard */ = {
			isa = PBXVariantGroup;
			children = (
				B456AA94257A5A4D003E3F9D /* Base */,
			);
			name = LaunchScreen.storyboard;
			sourceTree = "<group>";
		};
/* End PBXVariantGroup section */

/* Begin XCBuildConfiguration section */
		B456AA97257A5A4D003E3F9D /* Debug */ = {
			isa = XCBuildConfiguration;
			buildSettings = {
				ALWAYS_SEARCH_USER_PATHS = NO;
				CLANG_ANALYZER_NONNULL = YES;
				CLANG_ANALYZER_NUMBER_OBJECT_CONVERSION = YES_AGGRESSIVE;
				CLANG_CXX_LANGUAGE_STANDARD = "gnu++14";
				CLANG_CXX_LIBRARY = "libc++";
				CLANG_ENABLE_MODULES = YES;
				CLANG_ENABLE_OBJC_ARC = YES;
				CLANG_ENABLE_OBJC_WEAK = YES;
				CLANG_WARN_BLOCK_CAPTURE_AUTORELEASING = YES;
				CLANG_WARN_BOOL_CONVERSION = YES;
				CLANG_WARN_COMMA = YES;
				CLANG_WARN_CONSTANT_CONVERSION = YES;
				CLANG_WARN_DEPRECATED_OBJC_IMPLEMENTATIONS = YES;
				CLANG_WARN_DIRECT_OBJC_ISA_USAGE = YES_ERROR;
				CLANG_WARN_DOCUMENTATION_COMMENTS = YES;
				CLANG_WARN_EMPTY_BODY = YES;
				CLANG_WARN_ENUM_CONVERSION = YES;
				CLANG_WARN_INFINITE_RECURSION = YES;
				CLANG_WARN_INT_CONVERSION = YES;
				CLANG_WARN_NON_LITERAL_NULL_CONVERSION = YES;
				CLANG_WARN_OBJC_IMPLICIT_RETAIN_SELF = YES;
				CLANG_WARN_OBJC_LITERAL_CONVERSION = YES;
				CLANG_WARN_OBJC_ROOT_CLASS = YES_ERROR;
				CLANG_WARN_QUOTED_INCLUDE_IN_FRAMEWORK_HEADER = YES;
				CLANG_WARN_RANGE_LOOP_ANALYSIS = YES;
				CLANG_WARN_STRICT_PROTOTYPES = YES;
				CLANG_WARN_SUSPICIOUS_MOVE = YES;
				CLANG_WARN_UNGUARDED_AVAILABILITY = YES_AGGRESSIVE;
				CLANG_WARN_UNREACHABLE_CODE = YES;
				CLANG_WARN__DUPLICATE_METHOD_MATCH = YES;
				COPY_PHASE_STRIP = NO;
				DEBUG_INFORMATION_FORMAT = dwarf;
				ENABLE_STRICT_OBJC_MSGSEND = YES;
				ENABLE_TESTABILITY = YES;
				GCC_C_LANGUAGE_STANDARD = gnu11;
				GCC_DYNAMIC_NO_PIC = NO;
				GCC_NO_COMMON_BLOCKS = YES;
				GCC_OPTIMIZATION_LEVEL = 0;
				GCC_PREPROCESSOR_DEFINITIONS = (
					"DEBUG=1",
					"$(inherited)",
				);
				GCC_WARN_64_TO_32_BIT_CONVERSION = YES;
				GCC_WARN_ABOUT_RETURN_TYPE = YES_ERROR;
				GCC_WARN_UNDECLARED_SELECTOR = YES;
				GCC_WARN_UNINITIALIZED_AUTOS = YES_AGGRESSIVE;
				GCC_WARN_UNUSED_FUNCTION = YES;
				GCC_WARN_UNUSED_VARIABLE = YES;
				IPHONEOS_DEPLOYMENT_TARGET = 14.2;
				MTL_ENABLE_DEBUG_INFO = INCLUDE_SOURCE;
				MTL_FAST_MATH = YES;
				ONLY_ACTIVE_ARCH = YES;
				SDKROOT = iphoneos;
				SWIFT_ACTIVE_COMPILATION_CONDITIONS = DEBUG;
				SWIFT_OPTIMIZATION_LEVEL = "-Onone";
			};
			name = Debug;
		};
		B456AA98257A5A4D003E3F9D /* Release */ = {
			isa = XCBuildConfiguration;
			buildSettings = {
				ALWAYS_SEARCH_USER_PATHS = NO;
				CLANG_ANALYZER_NONNULL = YES;
				CLANG_ANALYZER_NUMBER_OBJECT_CONVERSION = YES_AGGRESSIVE;
				CLANG_CXX_LANGUAGE_STANDARD = "gnu++14";
				CLANG_CXX_LIBRARY = "libc++";
				CLANG_ENABLE_MODULES = YES;
				CLANG_ENABLE_OBJC_ARC = YES;
				CLANG_ENABLE_OBJC_WEAK = YES;
				CLANG_WARN_BLOCK_CAPTURE_AUTORELEASING = YES;
				CLANG_WARN_BOOL_CONVERSION = YES;
				CLANG_WARN_COMMA = YES;
				CLANG_WARN_CONSTANT_CONVERSION = YES;
				CLANG_WARN_DEPRECATED_OBJC_IMPLEMENTATIONS = YES;
				CLANG_WARN_DIRECT_OBJC_ISA_USAGE = YES_ERROR;
				CLANG_WARN_DOCUMENTATION_COMMENTS = YES;
				CLANG_WARN_EMPTY_BODY = YES;
				CLANG_WARN_ENUM_CONVERSION = YES;
				CLANG_WARN_INFINITE_RECURSION = YES;
				CLANG_WARN_INT_CONVERSION = YES;
				CLANG_WARN_NON_LITERAL_NULL_CONVERSION = YES;
				CLANG_WARN_OBJC_IMPLICIT_RETAIN_SELF = YES;
				CLANG_WARN_OBJC_LITERAL_CONVERSION = YES;
				CLANG_WARN_OBJC_ROOT_CLASS = YES_ERROR;
				CLANG_WARN_QUOTED_INCLUDE_IN_FRAMEWORK_HEADER = YES;
				CLANG_WARN_RANGE_LOOP_ANALYSIS = YES;
				CLANG_WARN_STRICT_PROTOTYPES = YES;
				CLANG_WARN_SUSPICIOUS_MOVE = YES;
				CLANG_WARN_UNGUARDED_AVAILABILITY = YES_AGGRESSIVE;
				CLANG_WARN_UNREACHABLE_CODE = YES;
				CLANG_WARN__DUPLICATE_METHOD_MATCH = YES;
				COPY_PHASE_STRIP = NO;
				DEBUG_INFORMATION_FORMAT = "dwarf-with-dsym";
				ENABLE_NS_ASSERTIONS = NO;
				ENABLE_STRICT_OBJC_MSGSEND = YES;
				GCC_C_LANGUAGE_STANDARD = gnu11;
				GCC_NO_COMMON_BLOCKS = YES;
				GCC_WARN_64_TO_32_BIT_CONVERSION = YES;
				GCC_WARN_ABOUT_RETURN_TYPE = YES_ERROR;
				GCC_WARN_UNDECLARED_SELECTOR = YES;
				GCC_WARN_UNINITIALIZED_AUTOS = YES_AGGRESSIVE;
				GCC_WARN_UNUSED_FUNCTION = YES;
				GCC_WARN_UNUSED_VARIABLE = YES;
				IPHONEOS_DEPLOYMENT_TARGET = 14.2;
				MTL_ENABLE_DEBUG_INFO = NO;
				MTL_FAST_MATH = YES;
				SDKROOT = iphoneos;
				SWIFT_COMPILATION_MODE = wholemodule;
				SWIFT_OPTIMIZATION_LEVEL = "-O";
				VALIDATE_PRODUCT = YES;
			};
			name = Release;
		};
		B456AA9A257A5A4D003E3F9D /* Debug */ = {
			isa = XCBuildConfiguration;
			buildSettings = {
				ASSETCATALOG_COMPILER_APPICON_NAME = AppIcon;
				ASSETCATALOG_COMPILER_GLOBAL_ACCENT_COLOR_NAME = AccentColor;
				CODE_SIGN_STYLE = Automatic;
				INFOPLIST_FILE = Covid19Stats/Info.plist;
				LD_RUNPATH_SEARCH_PATHS = (
					"$(inherited)",
					"@executable_path/Frameworks",
				);
				PRODUCT_BUNDLE_IDENTIFIER = Me.Covid19Stats;
				PRODUCT_NAME = "$(TARGET_NAME)";
				SWIFT_VERSION = 5.0;
				TARGETED_DEVICE_FAMILY = "1,2";
			};
			name = Debug;
		};
		B456AA9B257A5A4D003E3F9D /* Release */ = {
			isa = XCBuildConfiguration;
			buildSettings = {
				ASSETCATALOG_COMPILER_APPICON_NAME = AppIcon;
				ASSETCATALOG_COMPILER_GLOBAL_ACCENT_COLOR_NAME = AccentColor;
				CODE_SIGN_STYLE = Automatic;
				INFOPLIST_FILE = Covid19Stats/Info.plist;
				LD_RUNPATH_SEARCH_PATHS = (
					"$(inherited)",
					"@executable_path/Frameworks",
				);
				PRODUCT_BUNDLE_IDENTIFIER = Me.Covid19Stats;
				PRODUCT_NAME = "$(TARGET_NAME)";
				SWIFT_VERSION = 5.0;
				TARGETED_DEVICE_FAMILY = "1,2";
			};
			name = Release;
		};
/* End XCBuildConfiguration section */

/* Begin XCConfigurationList section */
		B456AA80257A5A49003E3F9D /* Build configuration list for PBXProject "Covid19Stats" */ = {
			isa = XCConfigurationList;
			buildConfigurations = (
				B456AA97257A5A4D003E3F9D /* Debug */,
				B456AA98257A5A4D003E3F9D /* Release */,
			);
			defaultConfigurationIsVisible = 0;
			defaultConfigurationName = Release;
		};
		B456AA99257A5A4D003E3F9D /* Build configuration list for PBXNativeTarget "Covid19Stats" */ = {
			isa = XCConfigurationList;
			buildConfigurations = (
				B456AA9A257A5A4D003E3F9D /* Debug */,
				B456AA9B257A5A4D003E3F9D /* Release */,
			);
			defaultConfigurationIsVisible = 0;
			defaultConfigurationName = Release;
		};
/* End XCConfigurationList section */
	};
	rootObject = B456AA7D257A5A49003E3F9D /* Project object */;
}
